
Microsoft Visual Studio Solution File, Format Version 11.00
# Visual Studio 2010
Project("{FAE04EC0-301F-11D3-BF4B-00C04F79EFBC}") = "OCRFilesMaker", "OCRFilesMaker\OCRFilesMaker.csproj", "{FD6C5EA6-A8F4-43C2-A2C4-AFB3A19D80A4}"
EndProject
Project("{FAE04EC0-301F-11D3-BF4B-00C04F79EFBC}") = "OCRTester", "OCRTester\OCRTester.csproj", "{4D59552F-32C6-41AA-8A86-6589640CA333}"
EndProject
Global
	GlobalSection(SolutionConfigurationPlatforms) = preSolution
		Debug|x86 = Debug|x86
		Release|x86 = Release|x86
	EndGlobalSection
	GlobalSection(ProjectConfigurationPlatforms) = postSolution
		{FD6C5EA6-A8F4-43C2-A2C4-AFB3A19D80A4}.Debug|x86.ActiveCfg = Debug|x86
		{FD6C5EA6-A8F4-43C2-A2C4-AFB3A19D80A4}.Debug|x86.Build.0 = Debug|x86
		{FD6C5EA6-A8F4-43C2-A2C4-AFB3A19D80A4}.Release|x86.ActiveCfg = Release|x86
		{FD6C5EA6-A8F4-43C2-A2C4-AFB3A19D80A4}.Release|x86.Build.0 = Release|x86
		{4D59552F-32C6-41AA-8A86-6589640CA333}.Debug|x86.ActiveCfg = Debug|x86
		{4D59552F-32C6-41AA-8A86-6589640CA333}.Debug|x86.Build.0 = Debug|x86
		{4D59552F-32C6-41AA-8A86-6589640CA333}.Release|x86.ActiveCfg = Release|x86
		{4D59552F-32C6-41AA-8A86-6589640CA333}.Release|x86.Build.0 = Release|x86
	EndGlobalSection
	GlobalSection(SolutionProperties) = preSolution
		HideSolutionNode = FALSE
	EndGlobalSection
EndGlobal
